// !$*UTF8*$!
{
	archiveVersion = 1;
	classes = {
	};
	objectVersion = 56;
	objects = {

/* Begin PBXBuildFile section */
		08E397E62C141387007BCC1D /* Code_HistoryApp.swift in Sources */ = {isa = PBXBuildFile; fileRef = 08E397E52C141387007BCC1D /* Code_HistoryApp.swift */; };
		08E397E82C141387007BCC1D /* ContentView.swift in Sources */ = {isa = PBXBuildFile; fileRef = 08E397E72C141387007BCC1D /* ContentView.swift */; };
		08E397EA2C141388007BCC1D /* Assets.xcassets in Resources */ = {isa = PBXBuildFile; fileRef = 08E397E92C141388007BCC1D /* Assets.xcassets */; };
		08E397ED2C141388007BCC1D /* Preview Assets.xcassets in Resources */ = {isa = PBXBuildFile; fileRef = 08E397EC2C141388007BCC1D /* Preview Assets.xcassets */; };
		08E397F72C141389007BCC1D /* Code_HistoryTests.swift in Sources */ = {isa = PBXBuildFile; fileRef = 08E397F62C141389007BCC1D /* Code_HistoryTests.swift */; };
		08E398012C141389007BCC1D /* Code_HistoryUITests.swift in Sources */ = {isa = PBXBuildFile; fileRef = 08E398002C141389007BCC1D /* Code_HistoryUITests.swift */; };
		08E398032C141389007BCC1D /* Code_HistoryUITestsLaunchTests.swift in Sources */ = {isa = PBXBuildFile; fileRef = 08E398022C141389007BCC1D /* Code_HistoryUITestsLaunchTests.swift */; };
/* End PBXBuildFile section */

/* Begin PBXContainerItemProxy section */
		08E397F32C141389007BCC1D /* PBXContainerItemProxy */ = {
			isa = PBXContainerItemProxy;
			containerPortal = 08E397DA2C141387007BCC1D /* Project object */;
			proxyType = 1;
			remoteGlobalIDString = 08E397E12C141387007BCC1D;
			remoteInfo = "Code History";
		};
		08E397FD2C141389007BCC1D /* PBXContainerItemProxy */ = {
			isa = PBXContainerItemProxy;
			containerPortal = 08E397DA2C141387007BCC1D /* Project object */;
			proxyType = 1;
			remoteGlobalIDString = 08E397E12C141387007BCC1D;
			remoteInfo = "Code History";
		};
/* End PBXContainerItemProxy section */

/* Begin PBXFileReference section */
		08E397E22C141387007BCC1D /* Code History.app */ = {isa = PBXFileReference; explicitFileType = wrapper.application; includeInIndex = 0; path = "Code History.app"; sourceTree = BUILT_PRODUCTS_DIR; };
		08E397E52C141387007BCC1D /* Code_HistoryApp.swift */ = {isa = PBXFileReference; lastKnownFileType = sourcecode.swift; path = Code_HistoryApp.swift; sourceTree = "<group>"; };
		08E397E72C141387007BCC1D /* ContentView.swift */ = {isa = PBXFileReference; lastKnownFileType = sourcecode.swift; path = ContentView.swift; sourceTree = "<group>"; };
		08E397E92C141388007BCC1D /* Assets.xcassets */ = {isa = PBXFileReference; lastKnownFileType = folder.assetcatalog; path = Assets.xcassets; sourceTree = "<group>"; };
		08E397EC2C141388007BCC1D /* Preview Assets.xcassets */ = {isa = PBXFileReference; lastKnownFileType = folder.assetcatalog; path = "Preview Assets.xcassets"; sourceTree = "<group>"; };
		08E397F22C141389007BCC1D /* Code HistoryTests.xctest */ = {isa = PBXFileReference; explicitFileType = wrapper.cfbundle; includeInIndex = 0; path = "Code HistoryTests.xctest"; sourceTree = BUILT_PRODUCTS_DIR; };
		08E397F62C141389007BCC1D /* Code_HistoryTests.swift */ = {isa = PBXFileReference; lastKnownFileType = sourcecode.swift; path = Code_HistoryTests.swift; sourceTree = "<group>"; };
		08E397FC2C141389007BCC1D /* Code HistoryUITests.xctest */ = {isa = PBXFileReference; explicitFileType = wrapper.cfbundle; includeInIndex = 0; path = "Code HistoryUITests.xctest"; sourceTree = BUILT_PRODUCTS_DIR; };
		08E398002C141389007BCC1D /* Code_HistoryUITests.swift */ = {isa = PBXFileReference; lastKnownFileType = sourcecode.swift; path = Code_HistoryUITests.swift; sourceTree = "<group>"; };
		08E398022C141389007BCC1D /* Code_HistoryUITestsLaunchTests.swift */ = {isa = PBXFileReference; lastKnownFileType = sourcecode.swift; path = Code_HistoryUITestsLaunchTests.swift; sourceTree = "<group>"; };
/* End PBXFileReference section */

/* Begin PBXFrameworksBuildPhase section */
		08E397DF2C141387007BCC1D /* Frameworks */ = {
			isa = PBXFrameworksBuildPhase;
			buildActionMask = 2147483647;
			files = (
			);
			runOnlyForDeploymentPostprocessing = 0;
		};
		08E397EF2C141389007BCC1D /* Frameworks */ = {
			isa = PBXFrameworksBuildPhase;
			buildActionMask = 2147483647;
			files = (
			);
			runOnlyForDeploymentPostprocessing = 0;
		};
		08E397F92C141389007BCC1D /* Frameworks */ = {
			isa = PBXFrameworksBuildPhase;
			buildActionMask = 2147483647;
			files = (
			);
			runOnlyForDeploymentPostprocessing = 0;
		};
/* End PBXFrameworksBuildPhase section */

/* Begin PBXGroup section */
		08E397D92C141387007BCC1D = {
			isa = PBXGroup;
			children = (
				08E397E42C141387007BCC1D /* Code History */,
				08E397F52C141389007BCC1D /* Code HistoryTests */,
				08E397FF2C141389007BCC1D /* Code HistoryUITests */,
				08E397E32C141387007BCC1D /* Products */,
			);
			sourceTree = "<group>";
		};
		08E397E32C141387007BCC1D /* Products */ = {
			isa = PBXGroup;
			children = (
				08E397E22C141387007BCC1D /* Code History.app */,
				08E397F22C141389007BCC1D /* Code HistoryTests.xctest */,
				08E397FC2C141389007BCC1D /* Code HistoryUITests.xctest */,
			);
			name = Products;
			sourceTree = "<group>";
		};
		08E397E42C141387007BCC1D /* Code History */ = {
			isa = PBXGroup;
			children = (
				08E397E52C141387007BCC1D /* Code_HistoryApp.swift */,
				08E397E72C141387007BCC1D /* ContentView.swift */,
				08E397E92C141388007BCC1D /* Assets.xcassets */,
				08E397EB2C141388007BCC1D /* Preview Content */,
			);
			path = "Code History";
			sourceTree = "<group>";
		};
		08E397EB2C141388007BCC1D /* Preview Content */ = {
			isa = PBXGroup;
			children = (
				08E397EC2C141388007BCC1D /* Preview Assets.xcassets */,
			);
			path = "Preview Content";
			sourceTree = "<group>";
		};
		08E397F52C141389007BCC1D /* Code HistoryTests */ = {
			isa = PBXGroup;
			children = (
				08E397F62C141389007BCC1D /* Code_HistoryTests.swift */,
			);
			path = "Code HistoryTests";
			sourceTree = "<group>";
		};
		08E397FF2C141389007BCC1D /* Code HistoryUITests */ = {
			isa = PBXGroup;
			children = (
				08E398002C141389007BCC1D /* Code_HistoryUITests.swift */,
				08E398022C141389007BCC1D /* Code_HistoryUITestsLaunchTests.swift */,
			);
			path = "Code HistoryUITests";
			sourceTree = "<group>";
		};
/* End PBXGroup section */

/* Begin PBXNativeTarget section */
		08E397E12C141387007BCC1D /* Code History */ = {
			isa = PBXNativeTarget;
			buildConfigurationList = 08E398062C141389007BCC1D /* Build configuration list for PBXNativeTarget "Code History" */;
			buildPhases = (
				08E397DE2C141387007BCC1D /* Sources */,
				08E397DF2C141387007BCC1D /* Frameworks */,
				08E397E02C141387007BCC1D /* Resources */,
			);
			buildRules = (
			);
			dependencies = (
			);
			name = "Code History";
			productName = "Code History";
			productReference = 08E397E22C141387007BCC1D /* Code History.app */;
			productType = "com.apple.product-type.application";
		};
		08E397F12C141389007BCC1D /* Code HistoryTests */ = {
			isa = PBXNativeTarget;
			buildConfigurationList = 08E398092C141389007BCC1D /* Build configuration list for PBXNativeTarget "Code HistoryTests" */;
			buildPhases = (
				08E397EE2C141389007BCC1D /* Sources */,
				08E397EF2C141389007BCC1D /* Frameworks */,
				08E397F02C141389007BCC1D /* Resources */,
			);
			buildRules = (
			);
			dependencies = (
				08E397F42C141389007BCC1D /* PBXTargetDependency */,
			);
			name = "Code HistoryTests";
			productName = "Code HistoryTests";
			productReference = 08E397F22C141389007BCC1D /* Code HistoryTests.xctest */;
			productType = "com.apple.product-type.bundle.unit-test";
		};
		08E397FB2C141389007BCC1D /* Code HistoryUITests */ = {
			isa = PBXNativeTarget;
			buildConfigurationList = 08E3980C2C141389007BCC1D /* Build configuration list for PBXNativeTarget "Code HistoryUITests" */;
			buildPhases = (
				08E397F82C141389007BCC1D /* Sources */,
				08E397F92C141389007BCC1D /* Frameworks */,
				08E397FA2C141389007BCC1D /* Resources */,
			);
			buildRules = (
			);
			dependencies = (
				08E397FE2C141389007BCC1D /* PBXTargetDependency */,
			);
			name = "Code HistoryUITests";
			productName = "Code HistoryUITests";
			productReference = 08E397FC2C141389007BCC1D /* Code HistoryUITests.xctest */;
			productType = "com.apple.product-type.bundle.ui-testing";
		};
/* End PBXNativeTarget section */

/* Begin PBXProject section */
		08E397DA2C141387007BCC1D /* Project object */ = {
			isa = PBXProject;
			attributes = {
				BuildIndependentTargetsInParallel = 1;
				LastSwiftUpdateCheck = 1530;
				LastUpgradeCheck = 1530;
				TargetAttributes = {
					08E397E12C141387007BCC1D = {
						CreatedOnToolsVersion = 15.3;
					};
					08E397F12C141389007BCC1D = {
						CreatedOnToolsVersion = 15.3;
						TestTargetID = 08E397E12C141387007BCC1D;
					};
					08E397FB2C141389007BCC1D = {
						CreatedOnToolsVersion = 15.3;
						TestTargetID = 08E397E12C141387007BCC1D;
					};
				};
			};
			buildConfigurationList = 08E397DD2C141387007BCC1D /* Build configuration list for PBXProject "Code History" */;
			compatibilityVersion = "Xcode 14.0";
			developmentRegion = en;
			hasScannedForEncodings = 0;
			knownRegions = (
				en,
				Base,
			);
			mainGroup = 08E397D92C141387007BCC1D;
			productRefGroup = 08E397E32C141387007BCC1D /* Products */;
			projectDirPath = "";
			projectRoot = "";
			targets = (
				08E397E12C141387007BCC1D /* Code History */,
				08E397F12C141389007BCC1D /* Code HistoryTests */,
				08E397FB2C141389007BCC1D /* Code HistoryUITests */,
			);
		};
/* End PBXProject section */

/* Begin PBXResourcesBuildPhase section */
		08E397E02C141387007BCC1D /* Resources */ = {
			isa = PBXResourcesBuildPhase;
			buildActionMask = 2147483647;
			files = (
				08E397ED2C141388007BCC1D /* Preview Assets.xcassets in Resources */,
				08E397EA2C141388007BCC1D /* Assets.xcassets in Resources */,
			);
			runOnlyForDeploymentPostprocessing = 0;
		};
		08E397F02C141389007BCC1D /* Resources */ = {
			isa = PBXResourcesBuildPhase;
			buildActionMask = 2147483647;
			files = (
			);
			runOnlyForDeploymentPostprocessing = 0;
		};
		08E397FA2C141389007BCC1D /* Resources */ = {
			isa = PBXResourcesBuildPhase;
			buildActionMask = 2147483647;
			files = (
			);
			runOnlyForDeploymentPostprocessing = 0;
		};
/* End PBXResourcesBuildPhase section */

/* Begin PBXSourcesBuildPhase section */
		08E397DE2C141387007BCC1D /* Sources */ = {
			isa = PBXSourcesBuildPhase;
			buildActionMask = 2147483647;
			files = (
				08E397E82C141387007BCC1D /* ContentView.swift in Sources */,
				08E397E62C141387007BCC1D /* Code_HistoryApp.swift in Sources */,
			);
			runOnlyForDeploymentPostprocessing = 0;
		};
		08E397EE2C141389007BCC1D /* Sources */ = {
			isa = PBXSourcesBuildPhase;
			buildActionMask = 2147483647;
			files = (
				08E397F72C141389007BCC1D /* Code_HistoryTests.swift in Sources */,
			);
			runOnlyForDeploymentPostprocessing = 0;
		};
		08E397F82C141389007BCC1D /* Sources */ = {
			isa = PBXSourcesBuildPhase;
			buildActionMask = 2147483647;
			files = (
				08E398032C141389007BCC1D /* Code_HistoryUITestsLaunchTests.swift in Sources */,
				08E398012C141389007BCC1D /* Code_HistoryUITests.swift in Sources */,
			);
			runOnlyForDeploymentPostprocessing = 0;
		};
/* End PBXSourcesBuildPhase section */

/* Begin PBXTargetDependency section */
		08E397F42C141389007BCC1D /* PBXTargetDependency */ = {
			isa = PBXTargetDependency;
			target = 08E397E12C141387007BCC1D /* Code History */;
			targetProxy = 08E397F32C141389007BCC1D /* PBXContainerItemProxy */;
		};
		08E397FE2C141389007BCC1D /* PBXTargetDependency */ = {
			isa = PBXTargetDependency;
			target = 08E397E12C141387007BCC1D /* Code History */;
			targetProxy = 08E397FD2C141389007BCC1D /* PBXContainerItemProxy */;
		};
/* End PBXTargetDependency section */

/* Begin XCBuildConfiguration section */
		08E398042C141389007BCC1D /* Debug */ = {
			isa = XCBuildConfiguration;
			buildSettings = {
				ALWAYS_SEARCH_USER_PATHS = NO;
				ASSETCATALOG_COMPILER_GENERATE_SWIFT_ASSET_SYMBOL_EXTENSIONS = YES;
				CLANG_ANALYZER_NONNULL = YES;
				CLANG_ANALYZER_NUMBER_OBJECT_CONVERSION = YES_AGGRESSIVE;
				CLANG_CXX_LANGUAGE_STANDARD = "gnu++20";
				CLANG_ENABLE_MODULES = YES;
				CLANG_ENABLE_OBJC_ARC = YES;
				CLANG_ENABLE_OBJC_WEAK = YES;
				CLANG_WARN_BLOCK_CAPTURE_AUTORELEASING = YES;
				CLANG_WARN_BOOL_CONVERSION = YES;
				CLANG_WARN_COMMA = YES;
				CLANG_WARN_CONSTANT_CONVERSION = YES;
				CLANG_WARN_DEPRECATED_OBJC_IMPLEMENTATIONS = YES;
				CLANG_WARN_DIRECT_OBJC_ISA_USAGE = YES_ERROR;
				CLANG_WARN_DOCUMENTATION_COMMENTS = YES;
				CLANG_WARN_EMPTY_BODY = YES;
				CLANG_WARN_ENUM_CONVERSION = YES;
				CLANG_WARN_INFINITE_RECURSION = YES;
				CLANG_WARN_INT_CONVERSION = YES;
				CLANG_WARN_NON_LITERAL_NULL_CONVERSION = YES;
				CLANG_WARN_OBJC_IMPLICIT_RETAIN_SELF = YES;
				CLANG_WARN_OBJC_LITERAL_CONVERSION = YES;
				CLANG_WARN_OBJC_ROOT_CLASS = YES_ERROR;
				CLANG_WARN_QUOTED_INCLUDE_IN_FRAMEWORK_HEADER = YES;
				CLANG_WARN_RANGE_LOOP_ANALYSIS = YES;
				CLANG_WARN_STRICT_PROTOTYPES = YES;
				CLANG_WARN_SUSPICIOUS_MOVE = YES;
				CLANG_WARN_UNGUARDED_AVAILABILITY = YES_AGGRESSIVE;
				CLANG_WARN_UNREACHABLE_CODE = YES;
				CLANG_WARN__DUPLICATE_METHOD_MATCH = YES;
				COPY_PHASE_STRIP = NO;
				DEBUG_INFORMATION_FORMAT = dwarf;
				ENABLE_STRICT_OBJC_MSGSEND = YES;
				ENABLE_TESTABILITY = YES;
				ENABLE_USER_SCRIPT_SANDBOXING = YES;
				GCC_C_LANGUAGE_STANDARD = gnu17;
				GCC_DYNAMIC_NO_PIC = NO;
				GCC_NO_COMMON_BLOCKS = YES;
				GCC_OPTIMIZATION_LEVEL = 0;
				GCC_PREPROCESSOR_DEFINITIONS = (
					"DEBUG=1",
					"$(inherited)",
				);
				GCC_WARN_64_TO_32_BIT_CONVERSION = YES;
				GCC_WARN_ABOUT_RETURN_TYPE = YES_ERROR;
				GCC_WARN_UNDECLARED_SELECTOR = YES;
				GCC_WARN_UNINITIALIZED_AUTOS = YES_AGGRESSIVE;
				GCC_WARN_UNUSED_FUNCTION = YES;
				GCC_WARN_UNUSED_VARIABLE = YES;
				IPHONEOS_DEPLOYMENT_TARGET = 17.4;
				LOCALIZATION_PREFERS_STRING_CATALOGS = YES;
				MTL_ENABLE_DEBUG_INFO = INCLUDE_SOURCE;
				MTL_FAST_MATH = YES;
				ONLY_ACTIVE_ARCH = YES;
				SDKROOT = iphoneos;
				SWIFT_ACTIVE_COMPILATION_CONDITIONS = "DEBUG $(inherited)";
				SWIFT_OPTIMIZATION_LEVEL = "-Onone";
			};
			name = Debug;
		};
		08E398052C141389007BCC1D /* Release */ = {
			isa = XCBuildConfiguration;
			buildSettings = {
				ALWAYS_SEARCH_USER_PATHS = NO;
				ASSETCATALOG_COMPILER_GENERATE_SWIFT_ASSET_SYMBOL_EXTENSIONS = YES;
				CLANG_ANALYZER_NONNULL = YES;
				CLANG_ANALYZER_NUMBER_OBJECT_CONVERSION = YES_AGGRESSIVE;
				CLANG_CXX_LANGUAGE_STANDARD = "gnu++20";
				CLANG_ENABLE_MODULES = YES;
				CLANG_ENABLE_OBJC_ARC = YES;
				CLANG_ENABLE_OBJC_WEAK = YES;
				CLANG_WARN_BLOCK_CAPTURE_AUTORELEASING = YES;
				CLANG_WARN_BOOL_CONVERSION = YES;
				CLANG_WARN_COMMA = YES;
				CLANG_WARN_CONSTANT_CONVERSION = YES;
				CLANG_WARN_DEPRECATED_OBJC_IMPLEMENTATIONS = YES;
				CLANG_WARN_DIRECT_OBJC_ISA_USAGE = YES_ERROR;
				CLANG_WARN_DOCUMENTATION_COMMENTS = YES;
				CLANG_WARN_EMPTY_BODY = YES;
				CLANG_WARN_ENUM_CONVERSION = YES;
				CLANG_WARN_INFINITE_RECURSION = YES;
				CLANG_WARN_INT_CONVERSION = YES;
				CLANG_WARN_NON_LITERAL_NULL_CONVERSION = YES;
				CLANG_WARN_OBJC_IMPLICIT_RETAIN_SELF = YES;
				CLANG_WARN_OBJC_LITERAL_CONVERSION = YES;
				CLANG_WARN_OBJC_ROOT_CLASS = YES_ERROR;
				CLANG_WARN_QUOTED_INCLUDE_IN_FRAMEWORK_HEADER = YES;
				CLANG_WARN_RANGE_LOOP_ANALYSIS = YES;
				CLANG_WARN_STRICT_PROTOTYPES = YES;
				CLANG_WARN_SUSPICIOUS_MOVE = YES;
				CLANG_WARN_UNGUARDED_AVAILABILITY = YES_AGGRESSIVE;
				CLANG_WARN_UNREACHABLE_CODE = YES;
				CLANG_WARN__DUPLICATE_METHOD_MATCH = YES;
				COPY_PHASE_STRIP = NO;
				DEBUG_INFORMATION_FORMAT = "dwarf-with-dsym";
				ENABLE_NS_ASSERTIONS = NO;
				ENABLE_STRICT_OBJC_MSGSEND = YES;
				ENABLE_USER_SCRIPT_SANDBOXING = YES;
				GCC_C_LANGUAGE_STANDARD = gnu17;
				GCC_NO_COMMON_BLOCKS = YES;
				GCC_WARN_64_TO_32_BIT_CONVERSION = YES;
				GCC_WARN_ABOUT_RETURN_TYPE = YES_ERROR;
				GCC_WARN_UNDECLARED_SELECTOR = YES;
				GCC_WARN_UNINITIALIZED_AUTOS = YES_AGGRESSIVE;
				GCC_WARN_UNUSED_FUNCTION = YES;
				GCC_WARN_UNUSED_VARIABLE = YES;
				IPHONEOS_DEPLOYMENT_TARGET = 17.4;
				LOCALIZATION_PREFERS_STRING_CATALOGS = YES;
				MTL_ENABLE_DEBUG_INFO = NO;
				MTL_FAST_MATH = YES;
				SDKROOT = iphoneos;
				SWIFT_COMPILATION_MODE = wholemodule;
				VALIDATE_PRODUCT = YES;
			};
			name = Release;
		};
		08E398072C141389007BCC1D /* Debug */ = {
			isa = XCBuildConfiguration;
			buildSettings = {
				ASSETCATALOG_COMPILER_APPICON_NAME = AppIcon;
				ASSETCATALOG_COMPILER_GLOBAL_ACCENT_COLOR_NAME = AccentColor;
				CODE_SIGN_STYLE = Automatic;
				CURRENT_PROJECT_VERSION = 1;
				DEVELOPMENT_ASSET_PATHS = "\"Code History/Preview Content\"";
				ENABLE_PREVIEWS = YES;
				GENERATE_INFOPLIST_FILE = YES;
				INFOPLIST_KEY_UIApplicationSceneManifest_Generation = YES;
				INFOPLIST_KEY_UIApplicationSupportsIndirectInputEvents = YES;
				INFOPLIST_KEY_UILaunchScreen_Generation = YES;
				INFOPLIST_KEY_UISupportedInterfaceOrientations_iPad = "UIInterfaceOrientationPortrait UIInterfaceOrientationPortraitUpsideDown UIInterfaceOrientationLandscapeLeft UIInterfaceOrientationLandscapeRight";
				INFOPLIST_KEY_UISupportedInterfaceOrientations_iPhone = "UIInterfaceOrientationPortrait UIInterfaceOrientationLandscapeLeft UIInterfaceOrientationLandscapeRight";
				LD_RUNPATH_SEARCH_PATHS = (
					"$(inherited)",
					"@executable_path/Frameworks",
				);
				MARKETING_VERSION = 1.0;
				PRODUCT_BUNDLE_IDENTIFIER = "com.company.Code-History";
				PRODUCT_NAME = "$(TARGET_NAME)";
				SWIFT_EMIT_LOC_STRINGS = YES;
				SWIFT_VERSION = 5.0;
				TARGETED_DEVICE_FAMILY = "1,2";
			};
			name = Debug;
		};
		08E398082C141389007BCC1D /* Release */ = {
			isa = XCBuildConfiguration;
			buildSettings = {
				ASSETCATALOG_COMPILER_APPICON_NAME = AppIcon;
				ASSETCATALOG_COMPILER_GLOBAL_ACCENT_COLOR_NAME = AccentColor;
				CODE_SIGN_STYLE = Automatic;
				CURRENT_PROJECT_VERSION = 1;
				DEVELOPMENT_ASSET_PATHS = "\"Code History/Preview Content\"";
				ENABLE_PREVIEWS = YES;
				GENERATE_INFOPLIST_FILE = YES;
				INFOPLIST_KEY_UIApplicationSceneManifest_Generation = YES;
				INFOPLIST_KEY_UIApplicationSupportsIndirectInputEvents = YES;
				INFOPLIST_KEY_UILaunchScreen_Generation = YES;
				INFOPLIST_KEY_UISupportedInterfaceOrientations_iPad = "UIInterfaceOrientationPortrait UIInterfaceOrientationPortraitUpsideDown UIInterfaceOrientationLandscapeLeft UIInterfaceOrientationLandscapeRight";
				INFOPLIST_KEY_UISupportedInterfaceOrientations_iPhone = "UIInterfaceOrientationPortrait UIInterfaceOrientationLandscapeLeft UIInterfaceOrientationLandscapeRight";
				LD_RUNPATH_SEARCH_PATHS = (
					"$(inherited)",
					"@executable_path/Frameworks",
				);
				MARKETING_VERSION = 1.0;
				PRODUCT_BUNDLE_IDENTIFIER = "com.company.Code-History";
				PRODUCT_NAME = "$(TARGET_NAME)";
				SWIFT_EMIT_LOC_STRINGS = YES;
				SWIFT_VERSION = 5.0;
				TARGETED_DEVICE_FAMILY = "1,2";
			};
			name = Release;
		};
		08E3980A2C141389007BCC1D /* Debug */ = {
			isa = XCBuildConfiguration;
			buildSettings = {
				ALWAYS_EMBED_SWIFT_STANDARD_LIBRARIES = YES;
				BUNDLE_LOADER = "$(TEST_HOST)";
				CODE_SIGN_STYLE = Automatic;
				CURRENT_PROJECT_VERSION = 1;
				GENERATE_INFOPLIST_FILE = YES;
				IPHONEOS_DEPLOYMENT_TARGET = 17.4;
				MARKETING_VERSION = 1.0;
				PRODUCT_BUNDLE_IDENTIFIER = "com.company.Code-HistoryTests";
				PRODUCT_NAME = "$(TARGET_NAME)";
				SWIFT_EMIT_LOC_STRINGS = NO;
				SWIFT_VERSION = 5.0;
				TARGETED_DEVICE_FAMILY = "1,2";
				TEST_HOST = "$(BUILT_PRODUCTS_DIR)/Code History.app/$(BUNDLE_EXECUTABLE_FOLDER_PATH)/Code History";
			};
			name = Debug;
		};
		08E3980B2C141389007BCC1D /* Release */ = {
			isa = XCBuildConfiguration;
			buildSettings = {
				ALWAYS_EMBED_SWIFT_STANDARD_LIBRARIES = YES;
				BUNDLE_LOADER = "$(TEST_HOST)";
				CODE_SIGN_STYLE = Automatic;
				CURRENT_PROJECT_VERSION = 1;
				GENERATE_INFOPLIST_FILE = YES;
				IPHONEOS_DEPLOYMENT_TARGET = 17.4;
				MARKETING_VERSION = 1.0;
				PRODUCT_BUNDLE_IDENTIFIER = "com.company.Code-HistoryTests";
				PRODUCT_NAME = "$(TARGET_NAME)";
				SWIFT_EMIT_LOC_STRINGS = NO;
				SWIFT_VERSION = 5.0;
				TARGETED_DEVICE_FAMILY = "1,2";
				TEST_HOST = "$(BUILT_PRODUCTS_DIR)/Code History.app/$(BUNDLE_EXECUTABLE_FOLDER_PATH)/Code History";
			};
			name = Release;
		};
		08E3980D2C141389007BCC1D /* Debug */ = {
			isa = XCBuildConfiguration;
			buildSettings = {
				ALWAYS_EMBED_SWIFT_STANDARD_LIBRARIES = YES;
				CODE_SIGN_STYLE = Automatic;
				CURRENT_PROJECT_VERSION = 1;
				GENERATE_INFOPLIST_FILE = YES;
				MARKETING_VERSION = 1.0;
				PRODUCT_BUNDLE_IDENTIFIER = "com.company.Code-HistoryUITests";
				PRODUCT_NAME = "$(TARGET_NAME)";
				SWIFT_EMIT_LOC_STRINGS = NO;
				SWIFT_VERSION = 5.0;
				TARGETED_DEVICE_FAMILY = "1,2";
				TEST_TARGET_NAME = "Code History";
			};
			name = Debug;
		};
		08E3980E2C141389007BCC1D /* Release */ = {
			isa = XCBuildConfiguration;
			buildSettings = {
				ALWAYS_EMBED_SWIFT_STANDARD_LIBRARIES = YES;
				CODE_SIGN_STYLE = Automatic;
				CURRENT_PROJECT_VERSION = 1;
				GENERATE_INFOPLIST_FILE = YES;
				MARKETING_VERSION = 1.0;
				PRODUCT_BUNDLE_IDENTIFIER = "com.company.Code-HistoryUITests";
				PRODUCT_NAME = "$(TARGET_NAME)";
				SWIFT_EMIT_LOC_STRINGS = NO;
				SWIFT_VERSION = 5.0;
				TARGETED_DEVICE_FAMILY = "1,2";
				TEST_TARGET_NAME = "Code History";
			};
			name = Release;
		};
/* End XCBuildConfiguration section */

/* Begin XCConfigurationList section */
		08E397DD2C141387007BCC1D /* Build configuration list for PBXProject "Code History" */ = {
			isa = XCConfigurationList;
			buildConfigurations = (
				08E398042C141389007BCC1D /* Debug */,
				08E398052C141389007BCC1D /* Release */,
			);
			defaultConfigurationIsVisible = 0;
			defaultConfigurationName = Release;
		};
		08E398062C141389007BCC1D /* Build configuration list for PBXNativeTarget "Code History" */ = {
			isa = XCConfigurationList;
			buildConfigurations = (
				08E398072C141389007BCC1D /* Debug */,
				08E398082C141389007BCC1D /* Release */,
			);
			defaultConfigurationIsVisible = 0;
			defaultConfigurationName = Release;
		};
		08E398092C141389007BCC1D /* Build configuration list for PBXNativeTarget "Code HistoryTests" */ = {
			isa = XCConfigurationList;
			buildConfigurations = (
				08E3980A2C141389007BCC1D /* Debug */,
				08E3980B2C141389007BCC1D /* Release */,
			);
			defaultConfigurationIsVisible = 0;
			defaultConfigurationName = Release;
		};
		08E3980C2C141389007BCC1D /* Build configuration list for PBXNativeTarget "Code HistoryUITests" */ = {
			isa = XCConfigurationList;
			buildConfigurations = (
				08E3980D2C141389007BCC1D /* Debug */,
				08E3980E2C141389007BCC1D /* Release */,
			);
			defaultConfigurationIsVisible = 0;
			defaultConfigurationName = Release;
		};
/* End XCConfigurationList section */
	};
	rootObject = 08E397DA2C141387007BCC1D /* Project object */;
}
